
Microsoft Visual Studio Solution File, Format Version 12.00
# Visual Studio Version 16
VisualStudioVersion = 16.0.31321.278
MinimumVisualStudioVersion = 10.0.40219.1
Project("{FAE04EC0-301F-11D3-BF4B-00C04F79EFBC}") = "Diolivros", "Diolivros.csproj", "{76233F03-3BDA-43D9-ACA2-CFF98BF1A6CF}"
EndProject
Global
	GlobalSection(SolutionConfigurationPlatforms) = preSolution
		Debug|Any CPU = Debug|Any CPU
		Release|Any CPU = Release|Any CPU
	EndGlobalSection
	GlobalSection(ProjectConfigurationPlatforms) = postSolution
		{76233F03-3BDA-43D9-ACA2-CFF98BF1A6CF}.Debug|Any CPU.ActiveCfg = Debug|Any CPU
		{76233F03-3BDA-43D9-ACA2-CFF98BF1A6CF}.Debug|Any CPU.Build.0 = Debug|Any CPU
		{76233F03-3BDA-43D9-ACA2-CFF98BF1A6CF}.Release|Any CPU.ActiveCfg = Release|Any CPU
		{76233F03-3BDA-43D9-ACA2-CFF98BF1A6CF}.Release|Any CPU.Build.0 = Release|Any CPU
	EndGlobalSection
	GlobalSection(SolutionProperties) = preSolution
		HideSolutionNode = FALSE
	EndGlobalSection
	GlobalSection(ExtensibilityGlobals) = postSolution
		SolutionGuid = {36F2FB21-C221-4A3D-92FE-82D08A335C6D}
	EndGlobalSection
EndGlobal
